
Microsoft Visual Studio Solution File, Format Version 12.00
# Visual Studio Version 17
VisualStudioVersion = 17.4.33122.133
MinimumVisualStudioVersion = 10.0.40219.1
Project("{FAE04EC0-301F-11D3-BF4B-00C04F79EFBC}") = "Task1", "Task1\Task1.csproj", "{8A5D4147-BC47-4636-8C84-FE1A448A3DCA}"
EndProject
Project("{FAE04EC0-301F-11D3-BF4B-00C04F79EFBC}") = "Task2", "Task2\Task2.csproj", "{6CA80BF3-FB5A-4D94-A6BC-025F313BE0C5}"
EndProject
Project("{FAE04EC0-301F-11D3-BF4B-00C04F79EFBC}") = "Task3", "Task3\Task3.csproj", "{0B192594-F933-4AFF-AF5D-30A665778AFF}"
EndProject
Global
	GlobalSection(SolutionConfigurationPlatforms) = preSolution
		Debug|Any CPU = Debug|Any CPU
		Release|Any CPU = Release|Any CPU
	EndGlobalSection
	GlobalSection(ProjectConfigurationPlatforms) = postSolution
		{8A5D4147-BC47-4636-8C84-FE1A448A3DCA}.Debug|Any CPU.ActiveCfg = Debug|Any CPU
		{8A5D4147-BC47-4636-8C84-FE1A448A3DCA}.Debug|Any CPU.Build.0 = Debug|Any CPU
		{8A5D4147-BC47-4636-8C84-FE1A448A3DCA}.Release|Any CPU.ActiveCfg = Release|Any CPU
		{8A5D4147-BC47-4636-8C84-FE1A448A3DCA}.Release|Any CPU.Build.0 = Release|Any CPU
		{6CA80BF3-FB5A-4D94-A6BC-025F313BE0C5}.Debug|Any CPU.ActiveCfg = Debug|Any CPU
		{6CA80BF3-FB5A-4D94-A6BC-025F313BE0C5}.Debug|Any CPU.Build.0 = Debug|Any CPU
		{6CA80BF3-FB5A-4D94-A6BC-025F313BE0C5}.Release|Any CPU.ActiveCfg = Release|Any CPU
		{6CA80BF3-FB5A-4D94-A6BC-025F313BE0C5}.Release|Any CPU.Build.0 = Release|Any CPU
		{0B192594-F933-4AFF-AF5D-30A665778AFF}.Debug|Any CPU.ActiveCfg = Debug|Any CPU
		{0B192594-F933-4AFF-AF5D-30A665778AFF}.Debug|Any CPU.Build.0 = Debug|Any CPU
		{0B192594-F933-4AFF-AF5D-30A665778AFF}.Release|Any CPU.ActiveCfg = Release|Any CPU
		{0B192594-F933-4AFF-AF5D-30A665778AFF}.Release|Any CPU.Build.0 = Release|Any CPU
	EndGlobalSection
	GlobalSection(SolutionProperties) = preSolution
		HideSolutionNode = FALSE
	EndGlobalSection
	GlobalSection(ExtensibilityGlobals) = postSolution
		SolutionGuid = {352CFDCA-C7F8-495C-8A4A-B969F373D62B}
	EndGlobalSection
EndGlobal
